
Microsoft Visual Studio Solution File, Format Version 12.00
# Visual Studio Version 17
VisualStudioVersion = 17.0.31903.59
MinimumVisualStudioVersion = 10.0.40219.1
Project("{2150E333-8FDC-42A3-9474-1A3956D46DE8}") = "src", "src", "{827E0CD3-B72D-47B6-A68D-7590B98EB39B}"
EndProject
Project("{FAE04EC0-301F-11D3-BF4B-00C04F79EFBC}") = "Hellenic.Identity.SDK", "src\Hellenic.Identity.SDK.csproj", "{35E33E83-F18F-4AAB-8664-1F56B909BA1B}"
EndProject
Project("{FAE04EC0-301F-11D3-BF4B-00C04F79EFBC}") = "Hellenic.Identity.SDK.Tests", "tests\Hellenic.Identity.SDK.Tests.csproj", "{C4BF4EE7-1E5A-49E3-A35A-C34AE2D8BA51}"
EndProject
Project("{FAE04EC0-301F-11D3-BF4B-00C04F79EFBC}") = "Hellenic.Identity.CLI.Example", "examples\cli-application\Hellenic.Identity.CLI.Example.csproj", "{97EBD73B-939F-457A-A5E2-615A14BCAF8D}"
EndProject
Project("{FAE04EC0-301F-11D3-BF4B-00C04F79EFBC}") = "Hellenic.Identity.AspNet.Example", "examples\aspnet\Hellenic.Identity.AspNet.Example.csproj", "{B8F6A1C2-3D4E-5F6A-7B8C-9D0E1F2A3B4C}"
EndProject
Global
	GlobalSection(SolutionConfigurationPlatforms) = preSolution
		Debug|Any CPU = Debug|Any CPU
		Debug|x64 = Debug|x64
		Debug|x86 = Debug|x86
		Release|Any CPU = Release|Any CPU
		Release|x64 = Release|x64
		Release|x86 = Release|x86
	EndGlobalSection
	GlobalSection(ProjectConfigurationPlatforms) = postSolution
		{35E33E83-F18F-4AAB-8664-1F56B909BA1B}.Debug|Any CPU.ActiveCfg = Debug|Any CPU
		{35E33E83-F18F-4AAB-8664-1F56B909BA1B}.Debug|Any CPU.Build.0 = Debug|Any CPU
		{35E33E83-F18F-4AAB-8664-1F56B909BA1B}.Debug|x64.ActiveCfg = Debug|Any CPU
		{35E33E83-F18F-4AAB-8664-1F56B909BA1B}.Debug|x64.Build.0 = Debug|Any CPU
		{35E33E83-F18F-4AAB-8664-1F56B909BA1B}.Debug|x86.ActiveCfg = Debug|Any CPU
		{35E33E83-F18F-4AAB-8664-1F56B909BA1B}.Debug|x86.Build.0 = Debug|Any CPU
		{35E33E83-F18F-4AAB-8664-1F56B909BA1B}.Release|Any CPU.ActiveCfg = Release|Any CPU
		{35E33E83-F18F-4AAB-8664-1F56B909BA1B}.Release|Any CPU.Build.0 = Release|Any CPU
		{35E33E83-F18F-4AAB-8664-1F56B909BA1B}.Release|x64.ActiveCfg = Release|Any CPU
		{35E33E83-F18F-4AAB-8664-1F56B909BA1B}.Release|x64.Build.0 = Release|Any CPU
		{35E33E83-F18F-4AAB-8664-1F56B909BA1B}.Release|x86.ActiveCfg = Release|Any CPU
		{35E33E83-F18F-4AAB-8664-1F56B909BA1B}.Release|x86.Build.0 = Release|Any CPU
		{C4BF4EE7-1E5A-49E3-A35A-C34AE2D8BA51}.Debug|Any CPU.ActiveCfg = Debug|Any CPU
		{C4BF4EE7-1E5A-49E3-A35A-C34AE2D8BA51}.Debug|Any CPU.Build.0 = Debug|Any CPU
		{C4BF4EE7-1E5A-49E3-A35A-C34AE2D8BA51}.Debug|x64.ActiveCfg = Debug|Any CPU
		{C4BF4EE7-1E5A-49E3-A35A-C34AE2D8BA51}.Debug|x64.Build.0 = Debug|Any CPU
		{C4BF4EE7-1E5A-49E3-A35A-C34AE2D8BA51}.Debug|x86.ActiveCfg = Debug|Any CPU
		{C4BF4EE7-1E5A-49E3-A35A-C34AE2D8BA51}.Debug|x86.Build.0 = Debug|Any CPU
		{C4BF4EE7-1E5A-49E3-A35A-C34AE2D8BA51}.Release|Any CPU.ActiveCfg = Release|Any CPU
		{C4BF4EE7-1E5A-49E3-A35A-C34AE2D8BA51}.Release|Any CPU.Build.0 = Release|Any CPU
		{C4BF4EE7-1E5A-49E3-A35A-C34AE2D8BA51}.Release|x64.ActiveCfg = Release|Any CPU
		{C4BF4EE7-1E5A-49E3-A35A-C34AE2D8BA51}.Release|x64.Build.0 = Release|Any CPU
		{C4BF4EE7-1E5A-49E3-A35A-C34AE2D8BA51}.Release|x86.ActiveCfg = Release|Any CPU
		{C4BF4EE7-1E5A-49E3-A35A-C34AE2D8BA51}.Release|x86.Build.0 = Release|Any CPU
		{97EBD73B-939F-457A-A5E2-615A14BCAF8D}.Debug|Any CPU.ActiveCfg = Debug|Any CPU
		{97EBD73B-939F-457A-A5E2-615A14BCAF8D}.Debug|Any CPU.Build.0 = Debug|Any CPU
		{97EBD73B-939F-457A-A5E2-615A14BCAF8D}.Debug|x64.ActiveCfg = Debug|Any CPU
		{97EBD73B-939F-457A-A5E2-615A14BCAF8D}.Debug|x64.Build.0 = Debug|Any CPU
		{97EBD73B-939F-457A-A5E2-615A14BCAF8D}.Debug|x86.ActiveCfg = Debug|Any CPU
		{97EBD73B-939F-457A-A5E2-615A14BCAF8D}.Debug|x86.Build.0 = Debug|Any CPU
		{97EBD73B-939F-457A-A5E2-615A14BCAF8D}.Release|Any CPU.ActiveCfg = Release|Any CPU
		{97EBD73B-939F-457A-A5E2-615A14BCAF8D}.Release|Any CPU.Build.0 = Release|Any CPU
		{97EBD73B-939F-457A-A5E2-615A14BCAF8D}.Release|x64.ActiveCfg = Release|Any CPU
		{97EBD73B-939F-457A-A5E2-615A14BCAF8D}.Release|x64.Build.0 = Release|Any CPU
		{97EBD73B-939F-457A-A5E2-615A14BCAF8D}.Release|x86.ActiveCfg = Release|Any CPU
		{97EBD73B-939F-457A-A5E2-615A14BCAF8D}.Release|x86.Build.0 = Release|Any CPU
		{B8F6A1C2-3D4E-5F6A-7B8C-9D0E1F2A3B4C}.Debug|Any CPU.ActiveCfg = Debug|Any CPU
		{B8F6A1C2-3D4E-5F6A-7B8C-9D0E1F2A3B4C}.Debug|Any CPU.Build.0 = Debug|Any CPU
		{B8F6A1C2-3D4E-5F6A-7B8C-9D0E1F2A3B4C}.Debug|x64.ActiveCfg = Debug|Any CPU
		{B8F6A1C2-3D4E-5F6A-7B8C-9D0E1F2A3B4C}.Debug|x64.Build.0 = Debug|Any CPU
		{B8F6A1C2-3D4E-5F6A-7B8C-9D0E1F2A3B4C}.Debug|x86.ActiveCfg = Debug|Any CPU
		{B8F6A1C2-3D4E-5F6A-7B8C-9D0E1F2A3B4C}.Debug|x86.Build.0 = Debug|Any CPU
		{B8F6A1C2-3D4E-5F6A-7B8C-9D0E1F2A3B4C}.Release|Any CPU.ActiveCfg = Release|Any CPU
		{B8F6A1C2-3D4E-5F6A-7B8C-9D0E1F2A3B4C}.Release|Any CPU.Build.0 = Release|Any CPU
		{B8F6A1C2-3D4E-5F6A-7B8C-9D0E1F2A3B4C}.Release|x64.ActiveCfg = Release|Any CPU
		{B8F6A1C2-3D4E-5F6A-7B8C-9D0E1F2A3B4C}.Release|x64.Build.0 = Release|Any CPU
		{B8F6A1C2-3D4E-5F6A-7B8C-9D0E1F2A3B4C}.Release|x86.ActiveCfg = Release|Any CPU
		{B8F6A1C2-3D4E-5F6A-7B8C-9D0E1F2A3B4C}.Release|x86.Build.0 = Release|Any CPU
	EndGlobalSection
	GlobalSection(SolutionProperties) = preSolution
		HideSolutionNode = FALSE
	EndGlobalSection
	GlobalSection(NestedProjects) = preSolution
		{35E33E83-F18F-4AAB-8664-1F56B909BA1B} = {827E0CD3-B72D-47B6-A68D-7590B98EB39B}
		{C4BF4EE7-1E5A-49E3-A35A-C34AE2D8BA51} = {827E0CD3-B72D-47B6-A68D-7590B98EB39B}
		{97EBD73B-939F-457A-A5E2-615A14BCAF8D} = {827E0CD3-B72D-47B6-A68D-7590B98EB39B}
		{B8F6A1C2-3D4E-5F6A-7B8C-9D0E1F2A3B4C} = {827E0CD3-B72D-47B6-A68D-7590B98EB39B}
	EndGlobalSection
EndGlobal
